
Microsoft Visual Studio Solution File, Format Version 12.00
# Visual Studio Version 17
VisualStudioVersion = 17.0.32112.339
MinimumVisualStudioVersion = 10.0.40219.1
Project("{FAE04EC0-301F-11D3-BF4B-00C04F79EFBC}") = "WebApplication", "WebApplication\WebApplication.csproj", "{3B228FF2-CF58-466C-AFAD-0387C3F58707}"
EndProject
Global
	GlobalSection(SolutionConfigurationPlatforms) = preSolution
		Debug|Any CPU = Debug|Any CPU
		Release|Any CPU = Release|Any CPU
	EndGlobalSection
	GlobalSection(ProjectConfigurationPlatforms) = postSolution
		{3B228FF2-CF58-466C-AFAD-0387C3F58707}.Debug|Any CPU.ActiveCfg = Debug|Any CPU
		{3B228FF2-CF58-466C-AFAD-0387C3F58707}.Debug|Any CPU.Build.0 = Debug|Any CPU
		{3B228FF2-CF58-466C-AFAD-0387C3F58707}.Release|Any CPU.ActiveCfg = Release|Any CPU
		{3B228FF2-CF58-466C-AFAD-0387C3F58707}.Release|Any CPU.Build.0 = Release|Any CPU
	EndGlobalSection
	GlobalSection(SolutionProperties) = preSolution
		HideSolutionNode = FALSE
	EndGlobalSection
	GlobalSection(ExtensibilityGlobals) = postSolution
		SolutionGuid = {32870077-9843-4FEA-B780-0EA88D4DF68C}
	EndGlobalSection
EndGlobal
